
Microsoft Visual Studio Solution File, Format Version 12.00
# Visual Studio Version 17
VisualStudioVersion = 17.1.32210.238
MinimumVisualStudioVersion = 10.0.40219.1
Project("{9A19103F-16F7-4668-BE54-9A1E7A4F7556}") = "Categorias.Api", "Categorias.Api\Categorias.Api.csproj", "{BB4CACE8-4097-4228-90CB-A7DBEE100339}"
EndProject
Project("{9A19103F-16F7-4668-BE54-9A1E7A4F7556}") = "Categorias.Domain", "Categorias.Domain\Categorias.Domain.csproj", "{1AD146B3-D3BC-4DA9-842C-991C5B9BCC16}"
EndProject
Global
	GlobalSection(SolutionConfigurationPlatforms) = preSolution
		Debug|Any CPU = Debug|Any CPU
		Release|Any CPU = Release|Any CPU
	EndGlobalSection
	GlobalSection(ProjectConfigurationPlatforms) = postSolution
		{BB4CACE8-4097-4228-90CB-A7DBEE100339}.Debug|Any CPU.ActiveCfg = Debug|Any CPU
		{BB4CACE8-4097-4228-90CB-A7DBEE100339}.Debug|Any CPU.Build.0 = Debug|Any CPU
		{BB4CACE8-4097-4228-90CB-A7DBEE100339}.Release|Any CPU.ActiveCfg = Release|Any CPU
		{BB4CACE8-4097-4228-90CB-A7DBEE100339}.Release|Any CPU.Build.0 = Release|Any CPU
		{1AD146B3-D3BC-4DA9-842C-991C5B9BCC16}.Debug|Any CPU.ActiveCfg = Debug|Any CPU
		{1AD146B3-D3BC-4DA9-842C-991C5B9BCC16}.Debug|Any CPU.Build.0 = Debug|Any CPU
		{1AD146B3-D3BC-4DA9-842C-991C5B9BCC16}.Release|Any CPU.ActiveCfg = Release|Any CPU
		{1AD146B3-D3BC-4DA9-842C-991C5B9BCC16}.Release|Any CPU.Build.0 = Release|Any CPU
	EndGlobalSection
	GlobalSection(SolutionProperties) = preSolution
		HideSolutionNode = FALSE
	EndGlobalSection
	GlobalSection(ExtensibilityGlobals) = postSolution
		SolutionGuid = {E65F4751-5FCA-4FD9-B0DC-334EBCC8B7BA}
	EndGlobalSection
EndGlobal
